
Microsoft Visual Studio Solution File, Format Version 12.00
# Visual Studio Version 17
VisualStudioVersion = 17.5.33516.290
MinimumVisualStudioVersion = 10.0.40219.1
Project("{9A19103F-16F7-4668-BE54-9A1E7A4F7556}") = "Schedule.Maker", "Schedule.Maker\Schedule.Maker.csproj", "{5F0C1449-7F4D-4607-9D42-4ED4B4992ED1}"
EndProject
Project("{9A19103F-16F7-4668-BE54-9A1E7A4F7556}") = "Schedule.Maker.Models", "Schedule.Maker.Models\Schedule.Maker.Models.csproj", "{6E0DBC4C-5DB9-48F4-A228-98FC22BAC018}"
EndProject
Project("{FAE04EC0-301F-11D3-BF4B-00C04F79EFBC}") = "Schedule.Maker.Enums", "Schedule.Maker.Enums\Schedule.Maker.Enums.csproj", "{E986EFC3-9FD4-41A9-A0B2-73E0A85C3EBD}"
EndProject
Global
	GlobalSection(SolutionConfigurationPlatforms) = preSolution
		Debug|Any CPU = Debug|Any CPU
		Release|Any CPU = Release|Any CPU
	EndGlobalSection
	GlobalSection(ProjectConfigurationPlatforms) = postSolution
		{5F0C1449-7F4D-4607-9D42-4ED4B4992ED1}.Debug|Any CPU.ActiveCfg = Debug|Any CPU
		{5F0C1449-7F4D-4607-9D42-4ED4B4992ED1}.Debug|Any CPU.Build.0 = Debug|Any CPU
		{5F0C1449-7F4D-4607-9D42-4ED4B4992ED1}.Release|Any CPU.ActiveCfg = Release|Any CPU
		{5F0C1449-7F4D-4607-9D42-4ED4B4992ED1}.Release|Any CPU.Build.0 = Release|Any CPU
		{6E0DBC4C-5DB9-48F4-A228-98FC22BAC018}.Debug|Any CPU.ActiveCfg = Debug|Any CPU
		{6E0DBC4C-5DB9-48F4-A228-98FC22BAC018}.Debug|Any CPU.Build.0 = Debug|Any CPU
		{6E0DBC4C-5DB9-48F4-A228-98FC22BAC018}.Release|Any CPU.ActiveCfg = Release|Any CPU
		{6E0DBC4C-5DB9-48F4-A228-98FC22BAC018}.Release|Any CPU.Build.0 = Release|Any CPU
		{E986EFC3-9FD4-41A9-A0B2-73E0A85C3EBD}.Debug|Any CPU.ActiveCfg = Debug|Any CPU
		{E986EFC3-9FD4-41A9-A0B2-73E0A85C3EBD}.Debug|Any CPU.Build.0 = Debug|Any CPU
		{E986EFC3-9FD4-41A9-A0B2-73E0A85C3EBD}.Release|Any CPU.ActiveCfg = Release|Any CPU
		{E986EFC3-9FD4-41A9-A0B2-73E0A85C3EBD}.Release|Any CPU.Build.0 = Release|Any CPU
	EndGlobalSection
	GlobalSection(SolutionProperties) = preSolution
		HideSolutionNode = FALSE
	EndGlobalSection
	GlobalSection(ExtensibilityGlobals) = postSolution
		SolutionGuid = {A0E5FA2C-6F0F-42E8-B1C8-85776C878344}
	EndGlobalSection
EndGlobal
